lockfileVersion: '9.0'

settings:
  autoInstallPeers: true
  excludeLinksFromLockfile: false

importers:

  .:
    dependencies:
      react:
        specifier: ^18.3.1
        version: 18.3.1
      react-dom:
        specifier: ^18.3.1
        version: 18.3.1(react@18.3.1)
    devDependencies:
      '@rsbuild/core':
        specifier: ^1.3.1
        version: 1.3.14
      '@rsbuild/plugin-react':
        specifier: ^1.1.1
        version: 1.3.0(@rsbuild/core@1.3.14)
      '@types/react':
        specifier: ^18.3.18
        version: 18.3.20
      '@types/react-dom':
        specifier: ^18.3.5
        version: 18.3.6(@types/react@18.3.20)
      autoprefixer:
        specifier: ^10.4.21
        version: 10.4.21(postcss@8.5.3)
      postcss:
        specifier: ^8.5.3
        version: 8.5.3
      tailwindcss:
        specifier: ^4.1.4
        version: 4.1.4
      typescript:
        specifier: ^5.8.2
        version: 5.8.3

packages:

  '@module-federation/error-codes@0.13.0':
    resolution: {integrity: sha512-4soAMLr7qcVWuvCsyRmBbiBfuhxmnDeyl+qzjMx8VurQgL+XQDQJapM9RXngNGT4g8FoCq9o7rM5YWNgFFNUiw==}

  '@module-federation/runtime-core@0.13.0':
    resolution: {integrity: sha512-Oj/1p0mfxZ+8EbU7ND4gMvRmikFpIvPCbblOgat9N8ZIVAKYpTimCgMhzg4yRqAwzlGCVwnnW7XZ8UlA+Zqrvg==}

  '@module-federation/runtime-tools@0.13.0':
    resolution: {integrity: sha512-6ECWX18yGrQKcmkrQoNPd5VEpxZP1SMaB/Bp55xlpEhsrpn4zHnriQluxDw6xldjSOLl1qbokfxwCwjS2OaEbg==}

  '@module-federation/runtime@0.13.0':
    resolution: {integrity: sha512-Ne/3AEVWz6LL6G/i41O5MC6YYlg0SatNNqG/0XbuMAfyGM+llRmB6VKt0o2+JR4isxWuPNp97TbUkkfORit6Eg==}

  '@module-federation/sdk@0.13.0':
    resolution: {integrity: sha512-JdMZaPD+EQvMJYS+/8/8QjaAHQ3qljogvioXBsAuedcStu/msn5e1Fswc0G34kXY9ixs2hUPZU2cAllfSKWIBQ==}

  '@module-federation/webpack-bundler-runtime@0.13.0':
    resolution: {integrity: sha512-ycgAsFeCTo+3GR8JxkhCyg2UZm6Au98ISdLTdVXYphO4UDcO/KjqyJen1LXEslkpCEohDj68Prei2fUHRruK6g==}

  '@rsbuild/core@1.3.14':
    resolution: {integrity: sha512-sfG/+23qVFbFj9CgglHaSRKxAuLbTQgOE2Iz6lpA8bRE56L2aZsSQl4v+p513lib6OH6PYttQdbLO9K8aVOfWg==}
    engines: {node: '>=16.10.0'}
    hasBin: true

  '@rsbuild/plugin-react@1.3.0':
    resolution: {integrity: sha512-3LxUoRTGDH9KB5ol5+4792DFJU5w3PKCcbF9QVRbL2Ma31WP/cEETTN7m5uZYyUZN/hOwrxU+ueRNNKD3XtaYQ==}
    peerDependencies:
      '@rsbuild/core': 1.x

  '@rspack/binding-darwin-arm64@1.3.8':
    resolution: {integrity: sha512-FlfWZzwCxDfLwyiqGaCSINHt2Er1Wno9xZrf2QM7Ss00HyocPo4BUYGYBEi4dai/fPFoeYKeEAdsNdrVmFH4+g==}
    cpu: [arm64]
    os: [darwin]

  '@rspack/binding-darwin-x64@1.3.8':
    resolution: {integrity: sha512-IGXDKHDHiL7WxE/OZMaeIuHzqOzDam3k8WrseHAdl5upKvCp/snwwGdulB/rqGxwkQIXIsv105vIFbGOAe2g0A==}
    cpu: [x64]
    os: [darwin]

  '@rspack/binding-linux-arm64-gnu@1.3.8':
    resolution: {integrity: sha512-PU9fv8knPvbxQb8NrDmTrLVpy8QY0vuhzk69/ZuLRW89c0P14HovYeHV+38cQHho4++avUQgVp6vnJI9vSQjtg==}
    cpu: [arm64]
    os: [linux]
    libc: [glibc]

  '@rspack/binding-linux-arm64-musl@1.3.8':
    resolution: {integrity: sha512-UMZBuTw5iXeA6gmtZYQvAb7g56odfoIkU6YvfqV67AMU0EY2y52sc7ABFloDzURJ1xd2om01Nlru8y48S2lMPw==}
    cpu: [arm64]
    os: [linux]
    libc: [musl]

  '@rspack/binding-linux-x64-gnu@1.3.8':
    resolution: {integrity: sha512-48hfwVsD2/Caa0HgZiqE1T20H89cnomcaP92++x8t4IQ2uKA9xCeBW87RD/AaKXcb78aM987ctE+asKjN8OVjw==}
    cpu: [x64]
    os: [linux]
    libc: [glibc]

  '@rspack/binding-linux-x64-musl@1.3.8':
    resolution: {integrity: sha512-Jx+JlVnLzzVL/62NbEFaVcM2HU4QtNEF+wzo+yODNprx78ZLe3PJT/LdtwLMvE77K2PlGn5CZcmBay6Xwkd/2A==}
    cpu: [x64]
    os: [linux]
    libc: [musl]

  '@rspack/binding-win32-arm64-msvc@1.3.8':
    resolution: {integrity: sha512-84tifCsYhir/p5GH0knBOXtLpfRzIFDxF4nF4bHsuwaA1uqwyk0WlWGt4ZwRUtyzh0TN4cJdnqJl/f5209BdLw==}
    cpu: [arm64]
    os: [win32]

  '@rspack/binding-win32-ia32-msvc@1.3.8':
    resolution: {integrity: sha512-Grrcfr95gRhJ7FbKtIxfhNAzSM+hvtD2jAMs9fmw/UrgiNsXeaWwJaYgImqHGirKIx8iygZ0t1q7ePIVM+SKMg==}
    cpu: [ia32]
    os: [win32]

  '@rspack/binding-win32-x64-msvc@1.3.8':
    resolution: {integrity: sha512-wW+Ig3kVqcRcY+3mxZnruN4AdeJYjbEBd2zvheEAOvx/DC+xEQ6czvDXbZEZQQ9rU/znhuKl0Z+898q8l3LwzA==}
    cpu: [x64]
    os: [win32]

  '@rspack/binding@1.3.8':
    resolution: {integrity: sha512-0oGrPgnwDsrDN7Swk7OZGvee8y/AdvDXF3f1QewkueJ5uyDaGszDxipEpf644HWIcj11fgNJQEphGEhaAVjofw==}

  '@rspack/core@1.3.8':
    resolution: {integrity: sha512-1zefymDypUROYzGGNa553JR1Ah8En25npwSRIZCuZvfjo6nME6XvjkMxQwhjzMStoqRmFD9+nKUHSiN5jVWWyw==}
    engines: {node: '>=16.0.0'}
    peerDependencies:
      '@swc/helpers': '>=0.5.1'
    peerDependenciesMeta:
      '@swc/helpers':
        optional: true

  '@rspack/lite-tapable@1.0.1':
    resolution: {integrity: sha512-VynGOEsVw2s8TAlLf/uESfrgfrq2+rcXB1muPJYBWbsm1Oa6r5qVQhjA5ggM6z/coYPrsVMgovl3Ff7Q7OCp1w==}
    engines: {node: '>=16.0.0'}

  '@rspack/plugin-react-refresh@1.4.1':
    resolution: {integrity: sha512-bRALP4qEauvrB7RcMQ95rUHu1dw19V6c6uYukUTpA2OZDyMHTQ9cpEe28kaDwH/xsAuDNuYqnUZOW3NdLO/q3A==}
    peerDependencies:
      react-refresh: '>=0.10.0 <1.0.0'
      webpack-hot-middleware: 2.x
    peerDependenciesMeta:
      webpack-hot-middleware:
        optional: true

  '@swc/helpers@0.5.17':
    resolution: {integrity: sha512-5IKx/Y13RsYd+sauPb2x+U/xZikHjolzfuDgTAl/Tdf3Q8rslRvC19NKDLgAJQ6wsqADk10ntlv08nPFw/gO/A==}

  '@types/prop-types@15.7.14':
    resolution: {integrity: sha512-gNMvNH49DJ7OJYv+KAKn0Xp45p8PLl6zo2YnvDIbTd4J6MER2BmWN49TG7n9LvkyihINxeKW8+3bfS2yDC9dzQ==}

  '@types/react-dom@18.3.6':
    resolution: {integrity: sha512-nf22//wEbKXusP6E9pfOCDwFdHAX4u172eaJI4YkDRQEZiorm6KfYnSC2SWLDMVWUOWPERmJnN0ujeAfTBLvrw==}
    peerDependencies:
      '@types/react': ^18.0.0

  '@types/react@18.3.20':
    resolution: {integrity: sha512-IPaCZN7PShZK/3t6Q87pfTkRm6oLTd4vztyoj+cbHUF1g3FfVb2tFIL79uCRKEfv16AhqDMBywP2VW3KIZUvcg==}

  autoprefixer@10.4.21:
    resolution: {integrity: sha512-O+A6LWV5LDHSJD3LjHYoNi4VLsj/Whi7k6zG12xTYaU4cQ8oxQGckXNX8cRHK5yOZ/ppVHe0ZBXGzSV9jXdVbQ==}
    engines: {node: ^10 || ^12 || >=14}
    hasBin: true
    peerDependencies:
      postcss: ^8.1.0

  browserslist@4.24.4:
    resolution: {integrity: sha512-KDi1Ny1gSePi1vm0q4oxSF8b4DR44GF4BbmS2YdhPLOEqd8pDviZOGH/GsmRwoWJ2+5Lr085X7naowMwKHDG1A==}
    engines: {node: ^6 || ^7 || ^8 || ^9 || ^10 || ^11 || ^12 || >=13.7}
    hasBin: true

  caniuse-lite@1.0.30001715:
    resolution: {integrity: sha512-7ptkFGMm2OAOgvZpwgA4yjQ5SQbrNVGdRjzH0pBdy1Fasvcr+KAeECmbCAECzTuDuoX0FCY8KzUxjf9+9kfZEw==}

  core-js@3.41.0:
    resolution: {integrity: sha512-SJ4/EHwS36QMJd6h/Rg+GyR4A5xE0FSI3eZ+iBVpfqf1x0eTSg1smWLHrA+2jQThZSh97fmSgFSU8B61nxosxA==}

  csstype@3.1.3:
    resolution: {integrity: sha512-M1uQkMl8rQK/szD0LNhtqxIPLpimGm8sOBwU7lLnCpSbTyY3yeU1Vc7l4KT5zT4s/yOxHH5O7tIuuLOCnLADRw==}

  electron-to-chromium@1.5.144:
    resolution: {integrity: sha512-eJIaMRKeAzxfBSxtjYnoIAw/tdD6VIH6tHBZepZnAbE3Gyqqs5mGN87DvcldPUbVkIljTK8pY0CMcUljP64lfQ==}

  error-stack-parser@2.1.4:
    resolution: {integrity: sha512-Sk5V6wVazPhq5MhpO+AUxJn5x7XSXGl1R93Vn7i+zS15KDVxQijejNCrz8340/2bgLBjR9GtEG8ZVKONDjcqGQ==}

  escalade@3.2.0:
    resolution: {integrity: sha512-WUj2qlxaQtO4g6Pq5c29GTcWGDyd8itL8zTlipgECz3JesAiiOKotd8JU6otB3PACgG6xkJUyVhboMS+bje/jA==}
    engines: {node: '>=6'}

  fraction.js@4.3.7:
    resolution: {integrity: sha512-ZsDfxO51wGAXREY55a7la9LScWpwv9RxIrYABrlvOFBlH/ShPnrtsXeuUIfXKKOVicNxQ+o8JTbJvjS4M89yew==}

  html-entities@2.6.0:
    resolution: {integrity: sha512-kig+rMn/QOVRvr7c86gQ8lWXq+Hkv6CbAH1hLu+RG338StTpE8Z0b44SDVaqVu7HGKf27frdmUYEs9hTUX/cLQ==}

  jiti@2.4.2:
    resolution: {integrity: sha512-rg9zJN+G4n2nfJl5MW3BMygZX56zKPNVEYYqq7adpmMh4Jn2QNEwhvQlFy6jPVdcod7txZtKHWnyZiA3a0zP7A==}
    hasBin: true

  js-tokens@4.0.0:
    resolution: {integrity: sha512-RdJUflcE3cUzKiMqQgsCu06FPu9UdIJO0beYbPhHN4k6apgJtifcoCtT9bcxOpYBtpD2kCM6Sbzg4CausW/PKQ==}

  loose-envify@1.4.0:
    resolution: {integrity: sha512-lyuxPGr/Wfhrlem2CL/UcnUc1zcqKAImBDzukY7Y5F/yQiNdko6+fRLevlw1HgMySw7f611UIY408EtxRSoK3Q==}
    hasBin: true

  nanoid@3.3.11:
    resolution: {integrity: sha512-N8SpfPUnUp1bK+PMYW8qSWdl9U+wwNWI4QKxOYDy9JAro3WMX7p2OeVRF9v+347pnakNevPmiHhNmZ2HbFA76w==}
    engines: {node: ^10 || ^12 || ^13.7 || ^14 || >=15.0.1}
    hasBin: true

  node-releases@2.0.19:
    resolution: {integrity: sha512-xxOWJsBKtzAq7DY0J+DTzuz58K8e7sJbdgwkbMWQe8UYB6ekmsQ45q0M/tJDsGaZmbC+l7n57UV8Hl5tHxO9uw==}

  normalize-range@0.1.2:
    resolution: {integrity: sha512-bdok/XvKII3nUpklnV6P2hxtMNrCboOjAcyBuQnWEhO665FwrSNRxU+AqpsyvO6LgGYPspN+lu5CLtw4jPRKNA==}
    engines: {node: '>=0.10.0'}

  picocolors@1.1.1:
    resolution: {integrity: sha512-xceH2snhtb5M9liqDsmEw56le376mTZkEX/jEb/RxNFyegNul7eNslCXP9FDj/Lcu0X8KEyMceP2ntpaHrDEVA==}

  postcss-value-parser@4.2.0:
    resolution: {integrity: sha512-1NNCs6uurfkVbeXG4S8JFT9t19m45ICnif8zWLd5oPSZ50QnwMfK+H3jv408d4jw/7Bttv5axS5IiHoLaVNHeQ==}

  postcss@8.5.3:
    resolution: {integrity: sha512-dle9A3yYxlBSrt8Fu+IpjGT8SY8hN0mlaA6GY8t0P5PjIOZemULz/E2Bnm/2dcUOena75OTNkHI76uZBNUUq3A==}
    engines: {node: ^10 || ^12 || >=14}

  react-dom@18.3.1:
    resolution: {integrity: sha512-5m4nQKp+rZRb09LNH59GM4BxTh9251/ylbKIbpe7TpGxfJ+9kv6BLkLBXIjjspbgbnIBNqlI23tRnTWT0snUIw==}
    peerDependencies:
      react: ^18.3.1

  react-refresh@0.17.0:
    resolution: {integrity: sha512-z6F7K9bV85EfseRCp2bzrpyQ0Gkw1uLoCel9XBVWPg/TjRj94SkJzUTGfOa4bs7iJvBWtQG0Wq7wnI0syw3EBQ==}
    engines: {node: '>=0.10.0'}

  react@18.3.1:
    resolution: {integrity: sha512-wS+hAgJShR0KhEvPJArfuPVN1+Hz1t0Y6n5jLrGQbkb4urgPE/0Rve+1kMB1v/oWgHgm4WIcV+i7F2pTVj+2iQ==}
    engines: {node: '>=0.10.0'}

  scheduler@0.23.2:
    resolution: {integrity: sha512-UOShsPwz7NrMUqhR6t0hWjFduvOzbtv7toDH1/hIrfRNIDBnnBWd0CwJTGvTpngVlmwGCdP9/Zl/tVrDqcuYzQ==}

  source-map-js@1.2.1:
    resolution: {integrity: sha512-UXWMKhLOwVKb728IUtQPXxfYU+usdybtUrK/8uGE8CQMvrhOpwvzDBwj0QhSL7MQc7vIsISBG8VQ8+IDQxpfQA==}
    engines: {node: '>=0.10.0'}

  stackframe@1.3.4:
    resolution: {integrity: sha512-oeVtt7eWQS+Na6F//S4kJ2K2VbRlS9D43mAlMyVpVWovy9o+jfgH8O9agzANzaiLjclA0oYzUXEM4PurhSUChw==}

  tailwindcss@4.1.4:
    resolution: {integrity: sha512-1ZIUqtPITFbv/DxRmDr5/agPqJwF69d24m9qmM1939TJehgY539CtzeZRjbLt5G6fSy/7YqqYsfvoTEw9xUI2A==}

  tslib@2.8.1:
    resolution: {integrity: sha512-oJFu94HQb+KVduSUQL7wnpmqnfmLsOA/nAh6b6EH0wCEoK0/mPeXU6c3wKDV83MkOuHPRHtSXKKU99IBazS/2w==}

  typescript@5.8.3:
    resolution: {integrity: sha512-p1diW6TqL9L07nNxvRMM7hMMw4c5XOo/1ibL4aAIGmSAt9slTE1Xgw5KWuof2uTOvCg9BY7ZRi+GaF+7sfgPeQ==}
    engines: {node: '>=14.17'}
    hasBin: true

  update-browserslist-db@1.1.3:
    resolution: {integrity: sha512-UxhIZQ+QInVdunkDAaiazvvT/+fXL5Osr0JZlJulepYu6Jd7qJtDZjlur0emRlT71EN3ScPoE7gvsuIKKNavKw==}
    hasBin: true
    peerDependencies:
      browserslist: '>= 4.21.0'

snapshots:

  '@module-federation/error-codes@0.13.0': {}

  '@module-federation/runtime-core@0.13.0':
    dependencies:
      '@module-federation/error-codes': 0.13.0
      '@module-federation/sdk': 0.13.0

  '@module-federation/runtime-tools@0.13.0':
    dependencies:
      '@module-federation/runtime': 0.13.0
      '@module-federation/webpack-bundler-runtime': 0.13.0

  '@module-federation/runtime@0.13.0':
    dependencies:
      '@module-federation/error-codes': 0.13.0
      '@module-federation/runtime-core': 0.13.0
      '@module-federation/sdk': 0.13.0

  '@module-federation/sdk@0.13.0': {}

  '@module-federation/webpack-bundler-runtime@0.13.0':
    dependencies:
      '@module-federation/runtime': 0.13.0
      '@module-federation/sdk': 0.13.0

  '@rsbuild/core@1.3.14':
    dependencies:
      '@rspack/core': 1.3.8(@swc/helpers@0.5.17)
      '@rspack/lite-tapable': 1.0.1
      '@swc/helpers': 0.5.17
      core-js: 3.41.0
      jiti: 2.4.2

  '@rsbuild/plugin-react@1.3.0(@rsbuild/core@1.3.14)':
    dependencies:
      '@rsbuild/core': 1.3.14
      '@rspack/plugin-react-refresh': 1.4.1(react-refresh@0.17.0)
      react-refresh: 0.17.0
    transitivePeerDependencies:
      - webpack-hot-middleware

  '@rspack/binding-darwin-arm64@1.3.8':
    optional: true

  '@rspack/binding-darwin-x64@1.3.8':
    optional: true

  '@rspack/binding-linux-arm64-gnu@1.3.8':
    optional: true

  '@rspack/binding-linux-arm64-musl@1.3.8':
    optional: true

  '@rspack/binding-linux-x64-gnu@1.3.8':
    optional: true

  '@rspack/binding-linux-x64-musl@1.3.8':
    optional: true

  '@rspack/binding-win32-arm64-msvc@1.3.8':
    optional: true

  '@rspack/binding-win32-ia32-msvc@1.3.8':
    optional: true

  '@rspack/binding-win32-x64-msvc@1.3.8':
    optional: true

  '@rspack/binding@1.3.8':
    optionalDependencies:
      '@rspack/binding-darwin-arm64': 1.3.8
      '@rspack/binding-darwin-x64': 1.3.8
      '@rspack/binding-linux-arm64-gnu': 1.3.8
      '@rspack/binding-linux-arm64-musl': 1.3.8
      '@rspack/binding-linux-x64-gnu': 1.3.8
      '@rspack/binding-linux-x64-musl': 1.3.8
      '@rspack/binding-win32-arm64-msvc': 1.3.8
      '@rspack/binding-win32-ia32-msvc': 1.3.8
      '@rspack/binding-win32-x64-msvc': 1.3.8

  '@rspack/core@1.3.8(@swc/helpers@0.5.17)':
    dependencies:
      '@module-federation/runtime-tools': 0.13.0
      '@rspack/binding': 1.3.8
      '@rspack/lite-tapable': 1.0.1
      caniuse-lite: 1.0.30001715
    optionalDependencies:
      '@swc/helpers': 0.5.17

  '@rspack/lite-tapable@1.0.1': {}

  '@rspack/plugin-react-refresh@1.4.1(react-refresh@0.17.0)':
    dependencies:
      error-stack-parser: 2.1.4
      html-entities: 2.6.0
      react-refresh: 0.17.0

  '@swc/helpers@0.5.17':
    dependencies:
      tslib: 2.8.1

  '@types/prop-types@15.7.14': {}

  '@types/react-dom@18.3.6(@types/react@18.3.20)':
    dependencies:
      '@types/react': 18.3.20

  '@types/react@18.3.20':
    dependencies:
      '@types/prop-types': 15.7.14
      csstype: 3.1.3

  autoprefixer@10.4.21(postcss@8.5.3):
    dependencies:
      browserslist: 4.24.4
      caniuse-lite: 1.0.30001715
      fraction.js: 4.3.7
      normalize-range: 0.1.2
      picocolors: 1.1.1
      postcss: 8.5.3
      postcss-value-parser: 4.2.0

  browserslist@4.24.4:
    dependencies:
      caniuse-lite: 1.0.30001715
      electron-to-chromium: 1.5.144
      node-releases: 2.0.19
      update-browserslist-db: 1.1.3(browserslist@4.24.4)

  caniuse-lite@1.0.30001715: {}

  core-js@3.41.0: {}

  csstype@3.1.3: {}

  electron-to-chromium@1.5.144: {}

  error-stack-parser@2.1.4:
    dependencies:
      stackframe: 1.3.4

  escalade@3.2.0: {}

  fraction.js@4.3.7: {}

  html-entities@2.6.0: {}

  jiti@2.4.2: {}

  js-tokens@4.0.0: {}

  loose-envify@1.4.0:
    dependencies:
      js-tokens: 4.0.0

  nanoid@3.3.11: {}

  node-releases@2.0.19: {}

  normalize-range@0.1.2: {}

  picocolors@1.1.1: {}

  postcss-value-parser@4.2.0: {}

  postcss@8.5.3:
    dependencies:
      nanoid: 3.3.11
      picocolors: 1.1.1
      source-map-js: 1.2.1

  react-dom@18.3.1(react@18.3.1):
    dependencies:
      loose-envify: 1.4.0
      react: 18.3.1
      scheduler: 0.23.2

  react-refresh@0.17.0: {}

  react@18.3.1:
    dependencies:
      loose-envify: 1.4.0

  scheduler@0.23.2:
    dependencies:
      loose-envify: 1.4.0

  source-map-js@1.2.1: {}

  stackframe@1.3.4: {}

  tailwindcss@4.1.4: {}

  tslib@2.8.1: {}

  typescript@5.8.3: {}

  update-browserslist-db@1.1.3(browserslist@4.24.4):
    dependencies:
      browserslist: 4.24.4
      escalade: 3.2.0
      picocolors: 1.1.1
